<?xml version="1.0" encoding="UTF-8" standalone="yes" ?>
<CodeBlocks_project_file>
	<FileVersion major="1" minor="6" />
	<Project>
		<Option title="jc2_client" />
		<Option pch_mode="2" />
		<Option compiler="mingw32_compiler" />
		<Build>
			<Target title="Debug">
				<Option output="./jc2_client.dll" prefix_auto="0" extension_auto="0" />
				<Option object_output="./" />
				<Option type="3" />
				<Option compiler="msvc10" />
				<Option createDefFile="1" />
				<Option createStaticLib="1" />
				<Compiler>
					<Add option="/Wall" />
					<Add option="/Zc:wchar_t" />
					<Add option="/Zi" />
					<Add directory="include" />
					<Add directory="source" />
				</Compiler>
				<ResourceCompiler>
					<Add directory="source" />
					<Add directory="include" />
				</ResourceCompiler>
				<Linker>
					<Add option="/DEBUG" />
					<Add library="lib/detours.lib" />
					<Add library="lib/libpthreadGC2.a" />
					<Add directory="lib" />
					<Add directory="library" />
				</Linker>
			</Target>
			<Target title="Release">
				<Option output="./jc2_client.dll" prefix_auto="0" extension_auto="0" />
				<Option object_output="./" />
				<Option type="3" />
				<Option compiler="msvc10" />
				<Option createDefFile="1" />
				<Option createStaticLib="1" />
				<Compiler>
					<Add option="/Ox" />
					<Add option="/Wall" />
					<Add directory="source" />
					<Add directory="include" />
				</Compiler>
				<ResourceCompiler>
					<Add directory="include" />
					<Add directory="source" />
				</ResourceCompiler>
				<Linker>
					<Add option="-s" />
					<Add library="library/libpthreadGC2.a" />
					<Add directory="library" />
				</Linker>
			</Target>
		</Build>
		<Compiler>
			<Add option="-Wall" />
			<Add option="-fexceptions" />
		</Compiler>
		<Unit filename="include/Cthread.h" />
		<Unit filename="include/cheat.h" />
		<Unit filename="include/detours.h" />
		<Unit filename="include/hooksystem.h" />
		<Unit filename="include/pthread.h" />
		<Unit filename="include/sched.h" />
		<Unit filename="include/semaphore.h" />
		<Unit filename="include/utilities.h" />
		<Unit filename="source/Cthread.cpp" />
		<Unit filename="source/cheat.cpp" />
		<Unit filename="source/hooksystem.cpp" />
		<Unit filename="source/main.cpp" />
		<Unit filename="source/utilities.cpp" />
		<Extensions>
			<envvars />
			<code_completion />
			<debugger />
			<lib_finder disable_auto="1" />
		</Extensions>
	</Project>
</CodeBlocks_project_file>
