<?xml version="1.0" encoding="UTF-8" standalone="yes" ?>
<CodeBlocks_project_file>
	<FileVersion major="1" minor="6" />
	<Project>
		<Option title="jc2_mp_Launcher" />
		<Option pch_mode="2" />
		<Option compiler="gcc" />
		<Build>
			<Target title="Debug">
				<Option output="jc2_mp_launcher.exe" prefix_auto="1" extension_auto="0" />
				<Option object_output="obj/Debug/" />
				<Option type="1" />
				<Option compiler="msvc10" />
				<Option use_console_runner="0" />
				<Compiler>
					<Add option="/Wall" />
					<Add option="/Zi" />
					<Add directory="include" />
					<Add directory="source" />
				</Compiler>
				<ResourceCompiler>
					<Add directory="include" />
				</ResourceCompiler>
				<Linker>
					<Add option="/DEBUG" />
					<Add library="lib\libpsapi.a" />
					<Add directory="library" />
				</Linker>
			</Target>
			<Target title="Release">
				<Option output="jc2_mp_launcher.exe" prefix_auto="1" extension_auto="0" />
				<Option object_output="obj/Release/" />
				<Option type="1" />
				<Option compiler="msvc10" />
				<Option use_console_runner="0" />
				<Compiler>
					<Add option="/Ox" />
					<Add option="/Wall" />
					<Add directory="source" />
					<Add directory="include" />
				</Compiler>
				<ResourceCompiler>
					<Add directory="include" />
				</ResourceCompiler>
				<Linker>
					<Add library="lib\libpsapi.a" />
					<Add directory="library" />
				</Linker>
			</Target>
		</Build>
		<Compiler>
			<Add option="-Wall" />
			<Add option="-fexceptions" />
		</Compiler>
		<Unit filename="include/CError.h" />
		<Unit filename="include/CProc_Interface.h" />
		<Unit filename="include/psapi.h" />
		<Unit filename="source/CProc_Interface.cpp" />
		<Unit filename="source/main.cpp" />
		<Extensions>
			<code_completion />
			<debugger />
			<envvars />
		</Extensions>
	</Project>
</CodeBlocks_project_file>
